
Microsoft Visual Studio Solution File, Format Version 10.00
# Visual Studio 2008
Project("{FAE04EC0-301F-11D3-BF4B-00C04F79EFBC}") = "Ushahidi.Common", "Ushahidi.Common\Ushahidi.Common.csproj", "{41B1C26D-FA1C-4A6D-8F14-3E84D5BBDD6A}"
EndProject
Project("{FAE04EC0-301F-11D3-BF4B-00C04F79EFBC}") = "Ushahidi.View.PPC2003", "Ushahidi.View\Ushahidi.View.PPC2003.csproj", "{30B816C6-91C3-4C20-AF65-B1AF62E4E6A1}"
EndProject
Project("{FAE04EC0-301F-11D3-BF4B-00C04F79EFBC}") = "Ushahidi.View.WM6PPC", "Ushahidi.View\Ushahidi.View.WM6PPC.csproj", "{A407E731-7E9B-448E-9D26-933A078EE61D}"
EndProject
Project("{FAE04EC0-301F-11D3-BF4B-00C04F79EFBC}") = "Ushahidi.View.WM6SP", "Ushahidi.View\Ushahidi.View.WM6SP.csproj", "{7C671261-C557-4562-8050-A474D3D44D84}"
EndProject
Project("{B900F1C2-3D47-4FEC-85B3-04AAF18C3634}") = "Ushahidi.Setup.PPC2003", "Ushahidi.Setup\Ushahidi.Setup.PPC2003.vddproj", "{60602A09-A9BB-46E8-A7C9-DF76A81D1C50}"
EndProject
Project("{B900F1C2-3D47-4FEC-85B3-04AAF18C3634}") = "Ushahidi.Setup.WM6PPC", "Ushahidi.Setup\Ushahidi.Setup.WM6PPC.vddproj", "{72457991-9712-4A70-820D-28A32D72F962}"
EndProject
Project("{B900F1C2-3D47-4FEC-85B3-04AAF18C3634}") = "Ushahidi.Setup.WM6SP", "Ushahidi.Setup\Ushahidi.Setup.WM6SP.vddproj", "{C41B6029-7DA1-439E-8F9A-1EBBEDCC37EA}"
EndProject
Project("{FAE04EC0-301F-11D3-BF4B-00C04F79EFBC}") = "Ushahidi.Model", "Ushahidi.Model\Ushahidi.Model.csproj", "{6AD603BE-7F83-420C-9D3B-27AE5A2C3F8F}"
EndProject
Global
	GlobalSection(SolutionConfigurationPlatforms) = preSolution
		Debug|Any CPU = Debug|Any CPU
		Release|Any CPU = Release|Any CPU
	EndGlobalSection
	GlobalSection(ProjectConfigurationPlatforms) = postSolution
		{41B1C26D-FA1C-4A6D-8F14-3E84D5BBDD6A}.Debug|Any CPU.ActiveCfg = Debug|Any CPU
		{41B1C26D-FA1C-4A6D-8F14-3E84D5BBDD6A}.Debug|Any CPU.Build.0 = Debug|Any CPU
		{41B1C26D-FA1C-4A6D-8F14-3E84D5BBDD6A}.Release|Any CPU.ActiveCfg = Release|Any CPU
		{41B1C26D-FA1C-4A6D-8F14-3E84D5BBDD6A}.Release|Any CPU.Build.0 = Release|Any CPU
		{30B816C6-91C3-4C20-AF65-B1AF62E4E6A1}.Debug|Any CPU.ActiveCfg = Debug|Any CPU
		{30B816C6-91C3-4C20-AF65-B1AF62E4E6A1}.Debug|Any CPU.Build.0 = Debug|Any CPU
		{30B816C6-91C3-4C20-AF65-B1AF62E4E6A1}.Debug|Any CPU.Deploy.0 = Debug|Any CPU
		{30B816C6-91C3-4C20-AF65-B1AF62E4E6A1}.Release|Any CPU.ActiveCfg = Release|Any CPU
		{30B816C6-91C3-4C20-AF65-B1AF62E4E6A1}.Release|Any CPU.Build.0 = Release|Any CPU
		{30B816C6-91C3-4C20-AF65-B1AF62E4E6A1}.Release|Any CPU.Deploy.0 = Release|Any CPU
		{A407E731-7E9B-448E-9D26-933A078EE61D}.Debug|Any CPU.ActiveCfg = Debug|Any CPU
		{A407E731-7E9B-448E-9D26-933A078EE61D}.Debug|Any CPU.Build.0 = Debug|Any CPU
		{A407E731-7E9B-448E-9D26-933A078EE61D}.Debug|Any CPU.Deploy.0 = Debug|Any CPU
		{A407E731-7E9B-448E-9D26-933A078EE61D}.Release|Any CPU.ActiveCfg = Release|Any CPU
		{A407E731-7E9B-448E-9D26-933A078EE61D}.Release|Any CPU.Build.0 = Release|Any CPU
		{A407E731-7E9B-448E-9D26-933A078EE61D}.Release|Any CPU.Deploy.0 = Release|Any CPU
		{7C671261-C557-4562-8050-A474D3D44D84}.Debug|Any CPU.ActiveCfg = Debug|Any CPU
		{7C671261-C557-4562-8050-A474D3D44D84}.Debug|Any CPU.Build.0 = Debug|Any CPU
		{7C671261-C557-4562-8050-A474D3D44D84}.Debug|Any CPU.Deploy.0 = Debug|Any CPU
		{7C671261-C557-4562-8050-A474D3D44D84}.Release|Any CPU.ActiveCfg = Release|Any CPU
		{7C671261-C557-4562-8050-A474D3D44D84}.Release|Any CPU.Build.0 = Release|Any CPU
		{7C671261-C557-4562-8050-A474D3D44D84}.Release|Any CPU.Deploy.0 = Release|Any CPU
		{60602A09-A9BB-46E8-A7C9-DF76A81D1C50}.Debug|Any CPU.ActiveCfg = Debug
		{60602A09-A9BB-46E8-A7C9-DF76A81D1C50}.Debug|Any CPU.Build.0 = Debug
		{60602A09-A9BB-46E8-A7C9-DF76A81D1C50}.Release|Any CPU.ActiveCfg = Release
		{60602A09-A9BB-46E8-A7C9-DF76A81D1C50}.Release|Any CPU.Build.0 = Release
		{72457991-9712-4A70-820D-28A32D72F962}.Debug|Any CPU.ActiveCfg = Debug
		{72457991-9712-4A70-820D-28A32D72F962}.Debug|Any CPU.Build.0 = Debug
		{72457991-9712-4A70-820D-28A32D72F962}.Release|Any CPU.ActiveCfg = Release
		{72457991-9712-4A70-820D-28A32D72F962}.Release|Any CPU.Build.0 = Release
		{C41B6029-7DA1-439E-8F9A-1EBBEDCC37EA}.Debug|Any CPU.ActiveCfg = Debug
		{C41B6029-7DA1-439E-8F9A-1EBBEDCC37EA}.Debug|Any CPU.Build.0 = Debug
		{C41B6029-7DA1-439E-8F9A-1EBBEDCC37EA}.Release|Any CPU.ActiveCfg = Release
		{C41B6029-7DA1-439E-8F9A-1EBBEDCC37EA}.Release|Any CPU.Build.0 = Release
		{6AD603BE-7F83-420C-9D3B-27AE5A2C3F8F}.Debug|Any CPU.ActiveCfg = Debug|Any CPU
		{6AD603BE-7F83-420C-9D3B-27AE5A2C3F8F}.Debug|Any CPU.Build.0 = Debug|Any CPU
		{6AD603BE-7F83-420C-9D3B-27AE5A2C3F8F}.Debug|Any CPU.Deploy.0 = Debug|Any CPU
		{6AD603BE-7F83-420C-9D3B-27AE5A2C3F8F}.Release|Any CPU.ActiveCfg = Release|Any CPU
		{6AD603BE-7F83-420C-9D3B-27AE5A2C3F8F}.Release|Any CPU.Build.0 = Release|Any CPU
		{6AD603BE-7F83-420C-9D3B-27AE5A2C3F8F}.Release|Any CPU.Deploy.0 = Release|Any CPU
	EndGlobalSection
	GlobalSection(SolutionProperties) = preSolution
		HideSolutionNode = FALSE
	EndGlobalSection
EndGlobal
