
Microsoft Visual Studio Solution File, Format Version 10.00
# Visual Studio 2008
Project("{FAE04EC0-301F-11D3-BF4B-00C04F79EFBC}") = "Ushahidi.Common", "Ushahidi.Common\Ushahidi.Common.csproj", "{41B1C26D-FA1C-4A6D-8F14-3E84D5BBDD6A}"
EndProject
Project("{FAE04EC0-301F-11D3-BF4B-00C04F79EFBC}") = "Ushahidi.View.PPC2003", "Ushahidi.View\Ushahidi.View.PPC2003.csproj", "{30B816C6-91C3-4C20-AF65-B1AF62E4E6A1}"
EndProject
Project("{FAE04EC0-301F-11D3-BF4B-00C04F79EFBC}") = "Ushahidi.Model", "Ushahidi.Model\Ushahidi.Model.csproj", "{6AD603BE-7F83-420C-9D3B-27AE5A2C3F8F}"
EndProject
Project("{FAE04EC0-301F-11D3-BF4B-00C04F79EFBC}") = "Ushahidi.View.WM6", "Ushahidi.View\Ushahidi.View.WM6.csproj", "{76E15E18-6BCD-4AE6-8014-48947977250F}"
EndProject
Project("{FAE04EC0-301F-11D3-BF4B-00C04F79EFBC}") = "Ushahidi.Common.Tests", "Ushahidi.Common.Tests\Ushahidi.Common.Tests.csproj", "{004CC7E8-0B67-4275-9C0A-6B46D09F1DA0}"
EndProject
Project("{FAE04EC0-301F-11D3-BF4B-00C04F79EFBC}") = "Ushahidi.Model.Tests", "Ushahidi.Model.Tests\Ushahidi.Model.Tests.csproj", "{6C0ABBF9-15B9-481F-9497-02C3B21BA0CC}"
EndProject
Project("{FAE04EC0-301F-11D3-BF4B-00C04F79EFBC}") = "Ushahidi.View.Tests", "Ushahidi.View.Tests\Ushahidi.View.Tests.csproj", "{C00A9128-6C67-48E4-B021-9C5A8D41AB19}"
EndProject
Project("{FAE04EC0-301F-11D3-BF4B-00C04F79EFBC}") = "Ushahidi.Setup", "Ushahidi.Setup\Ushahidi.Setup.csproj", "{D9E68422-6D8E-4585-A541-1CCF4E1159C3}"
	ProjectSection(ProjectDependencies) = postProject
		{76E15E18-6BCD-4AE6-8014-48947977250F} = {76E15E18-6BCD-4AE6-8014-48947977250F}
		{41B1C26D-FA1C-4A6D-8F14-3E84D5BBDD6A} = {41B1C26D-FA1C-4A6D-8F14-3E84D5BBDD6A}
		{6AD603BE-7F83-420C-9D3B-27AE5A2C3F8F} = {6AD603BE-7F83-420C-9D3B-27AE5A2C3F8F}
		{30B816C6-91C3-4C20-AF65-B1AF62E4E6A1} = {30B816C6-91C3-4C20-AF65-B1AF62E4E6A1}
	EndProjectSection
EndProject
Global
	GlobalSection(SolutionConfigurationPlatforms) = preSolution
		Debug|Any CPU = Debug|Any CPU
		Release|Any CPU = Release|Any CPU
	EndGlobalSection
	GlobalSection(ProjectConfigurationPlatforms) = postSolution
		{41B1C26D-FA1C-4A6D-8F14-3E84D5BBDD6A}.Debug|Any CPU.ActiveCfg = Debug|Any CPU
		{41B1C26D-FA1C-4A6D-8F14-3E84D5BBDD6A}.Debug|Any CPU.Build.0 = Debug|Any CPU
		{41B1C26D-FA1C-4A6D-8F14-3E84D5BBDD6A}.Release|Any CPU.ActiveCfg = Release|Any CPU
		{41B1C26D-FA1C-4A6D-8F14-3E84D5BBDD6A}.Release|Any CPU.Build.0 = Release|Any CPU
		{30B816C6-91C3-4C20-AF65-B1AF62E4E6A1}.Debug|Any CPU.ActiveCfg = Debug|Any CPU
		{30B816C6-91C3-4C20-AF65-B1AF62E4E6A1}.Debug|Any CPU.Build.0 = Debug|Any CPU
		{30B816C6-91C3-4C20-AF65-B1AF62E4E6A1}.Debug|Any CPU.Deploy.0 = Debug|Any CPU
		{30B816C6-91C3-4C20-AF65-B1AF62E4E6A1}.Release|Any CPU.ActiveCfg = Release|Any CPU
		{30B816C6-91C3-4C20-AF65-B1AF62E4E6A1}.Release|Any CPU.Build.0 = Release|Any CPU
		{30B816C6-91C3-4C20-AF65-B1AF62E4E6A1}.Release|Any CPU.Deploy.0 = Release|Any CPU
		{6AD603BE-7F83-420C-9D3B-27AE5A2C3F8F}.Debug|Any CPU.ActiveCfg = Debug|Any CPU
		{6AD603BE-7F83-420C-9D3B-27AE5A2C3F8F}.Debug|Any CPU.Build.0 = Debug|Any CPU
		{6AD603BE-7F83-420C-9D3B-27AE5A2C3F8F}.Debug|Any CPU.Deploy.0 = Debug|Any CPU
		{6AD603BE-7F83-420C-9D3B-27AE5A2C3F8F}.Release|Any CPU.ActiveCfg = Release|Any CPU
		{6AD603BE-7F83-420C-9D3B-27AE5A2C3F8F}.Release|Any CPU.Build.0 = Release|Any CPU
		{6AD603BE-7F83-420C-9D3B-27AE5A2C3F8F}.Release|Any CPU.Deploy.0 = Release|Any CPU
		{76E15E18-6BCD-4AE6-8014-48947977250F}.Debug|Any CPU.ActiveCfg = Debug|Any CPU
		{76E15E18-6BCD-4AE6-8014-48947977250F}.Debug|Any CPU.Build.0 = Debug|Any CPU
		{76E15E18-6BCD-4AE6-8014-48947977250F}.Debug|Any CPU.Deploy.0 = Debug|Any CPU
		{76E15E18-6BCD-4AE6-8014-48947977250F}.Release|Any CPU.ActiveCfg = Release|Any CPU
		{76E15E18-6BCD-4AE6-8014-48947977250F}.Release|Any CPU.Build.0 = Release|Any CPU
		{76E15E18-6BCD-4AE6-8014-48947977250F}.Release|Any CPU.Deploy.0 = Release|Any CPU
		{004CC7E8-0B67-4275-9C0A-6B46D09F1DA0}.Debug|Any CPU.ActiveCfg = Debug|Any CPU
		{004CC7E8-0B67-4275-9C0A-6B46D09F1DA0}.Debug|Any CPU.Build.0 = Debug|Any CPU
		{004CC7E8-0B67-4275-9C0A-6B46D09F1DA0}.Debug|Any CPU.Deploy.0 = Debug|Any CPU
		{004CC7E8-0B67-4275-9C0A-6B46D09F1DA0}.Release|Any CPU.ActiveCfg = Release|Any CPU
		{004CC7E8-0B67-4275-9C0A-6B46D09F1DA0}.Release|Any CPU.Build.0 = Release|Any CPU
		{004CC7E8-0B67-4275-9C0A-6B46D09F1DA0}.Release|Any CPU.Deploy.0 = Release|Any CPU
		{6C0ABBF9-15B9-481F-9497-02C3B21BA0CC}.Debug|Any CPU.ActiveCfg = Debug|Any CPU
		{6C0ABBF9-15B9-481F-9497-02C3B21BA0CC}.Debug|Any CPU.Build.0 = Debug|Any CPU
		{6C0ABBF9-15B9-481F-9497-02C3B21BA0CC}.Debug|Any CPU.Deploy.0 = Debug|Any CPU
		{6C0ABBF9-15B9-481F-9497-02C3B21BA0CC}.Release|Any CPU.ActiveCfg = Release|Any CPU
		{6C0ABBF9-15B9-481F-9497-02C3B21BA0CC}.Release|Any CPU.Build.0 = Release|Any CPU
		{6C0ABBF9-15B9-481F-9497-02C3B21BA0CC}.Release|Any CPU.Deploy.0 = Release|Any CPU
		{C00A9128-6C67-48E4-B021-9C5A8D41AB19}.Debug|Any CPU.ActiveCfg = Debug|Any CPU
		{C00A9128-6C67-48E4-B021-9C5A8D41AB19}.Debug|Any CPU.Build.0 = Debug|Any CPU
		{C00A9128-6C67-48E4-B021-9C5A8D41AB19}.Debug|Any CPU.Deploy.0 = Debug|Any CPU
		{C00A9128-6C67-48E4-B021-9C5A8D41AB19}.Release|Any CPU.ActiveCfg = Release|Any CPU
		{C00A9128-6C67-48E4-B021-9C5A8D41AB19}.Release|Any CPU.Build.0 = Release|Any CPU
		{C00A9128-6C67-48E4-B021-9C5A8D41AB19}.Release|Any CPU.Deploy.0 = Release|Any CPU
		{D9E68422-6D8E-4585-A541-1CCF4E1159C3}.Debug|Any CPU.ActiveCfg = Debug|Any CPU
		{D9E68422-6D8E-4585-A541-1CCF4E1159C3}.Debug|Any CPU.Build.0 = Debug|Any CPU
		{D9E68422-6D8E-4585-A541-1CCF4E1159C3}.Release|Any CPU.ActiveCfg = Release|Any CPU
		{D9E68422-6D8E-4585-A541-1CCF4E1159C3}.Release|Any CPU.Build.0 = Release|Any CPU
	EndGlobalSection
	GlobalSection(SolutionProperties) = preSolution
		HideSolutionNode = FALSE
	EndGlobalSection
EndGlobal
